// !$*UTF8*$!
{
	archiveVersion = 1;
	classes = {
	};
	objectVersion = 50;
	objects = {

/* Begin PBXBuildFile section */
		50664C5324325EDE00F11520 /* AppDelegate.swift in Sources */ = {isa = PBXBuildFile; fileRef = 50664C5224325EDE00F11520 /* AppDelegate.swift */; };
		50664C5524325EDE00F11520 /* SceneDelegate.swift in Sources */ = {isa = PBXBuildFile; fileRef = 50664C5424325EDE00F11520 /* SceneDelegate.swift */; };
		50664C5724325EDE00F11520 /* ViewController.swift in Sources */ = {isa = PBXBuildFile; fileRef = 50664C5624325EDE00F11520 /* ViewController.swift */; };
		50664C5A24325EDE00F11520 /* Main.storyboard in Resources */ = {isa = PBXBuildFile; fileRef = 50664C5824325EDE00F11520 /* Main.storyboard */; };
		50664C5C24325EE100F11520 /* Assets.xcassets in Resources */ = {isa = PBXBuildFile; fileRef = 50664C5B24325EE100F11520 /* Assets.xcassets */; };
		50664C5F24325EE100F11520 /* LaunchScreen.storyboard in Resources */ = {isa = PBXBuildFile; fileRef = 50664C5D24325EE100F11520 /* LaunchScreen.storyboard */; };
/* End PBXBuildFile section */

/* Begin PBXFileReference section */
		50664C4F24325EDE00F11520 /* Swift Fun.app */ = {isa = PBXFileReference; explicitFileType = wrapper.application; includeInIndex = 0; path = "Swift Fun.app"; sourceTree = BUILT_PRODUCTS_DIR; };
		50664C5224325EDE00F11520 /* AppDelegate.swift */ = {isa = PBXFileReference; lastKnownFileType = sourcecode.swift; path = AppDelegate.swift; sourceTree = "<group>"; };
		50664C5424325EDE00F11520 /* SceneDelegate.swift */ = {isa = PBXFileReference; lastKnownFileType = sourcecode.swift; path = SceneDelegate.swift; sourceTree = "<group>"; };
		50664C5624325EDE00F11520 /* ViewController.swift */ = {isa = PBXFileReference; lastKnownFileType = sourcecode.swift; path = ViewController.swift; sourceTree = "<group>"; };
		50664C5924325EDE00F11520 /* Base */ = {isa = PBXFileReference; lastKnownFileType = file.storyboard; name = Base; path = Base.lproj/Main.storyboard; sourceTree = "<group>"; };
		50664C5B24325EE100F11520 /* Assets.xcassets */ = {isa = PBXFileReference; lastKnownFileType = folder.assetcatalog; path = Assets.xcassets; sourceTree = "<group>"; };
		50664C5E24325EE100F11520 /* Base */ = {isa = PBXFileReference; lastKnownFileType = file.storyboard; name = Base; path = Base.lproj/LaunchScreen.storyboard; sourceTree = "<group>"; };
		50664C6024325EE100F11520 /* Info.plist */ = {isa = PBXFileReference; lastKnownFileType = text.plist.xml; path = Info.plist; sourceTree = "<group>"; };
/* End PBXFileReference section */

/* Begin PBXFrameworksBuildPhase section */
		50664C4C24325EDE00F11520 /* Frameworks */ = {
			isa = PBXFrameworksBuildPhase;
			buildActionMask = 2147483647;
			files = (
			);
			runOnlyForDeploymentPostprocessing = 0;
		};
/* End PBXFrameworksBuildPhase section */

/* Begin PBXGroup section */
		50664C4624325EDE00F11520 = {
			isa = PBXGroup;
			children = (
				50664C5124325EDE00F11520 /* Swift Fun */,
				50664C5024325EDE00F11520 /* Products */,
			);
			sourceTree = "<group>";
		};
		50664C5024325EDE00F11520 /* Products */ = {
			isa = PBXGroup;
			children = (
				50664C4F24325EDE00F11520 /* Swift Fun.app */,
			);
			name = Products;
			sourceTree = "<group>";
		};
		50664C5124325EDE00F11520 /* Swift Fun */ = {
			isa = PBXGroup;
			children = (
				50664C5224325EDE00F11520 /* AppDelegate.swift */,
				50664C5424325EDE00F11520 /* SceneDelegate.swift */,
				50664C5624325EDE00F11520 /* ViewController.swift */,
				50664C5824325EDE00F11520 /* Main.storyboard */,
				50664C5B24325EE100F11520 /* Assets.xcassets */,
				50664C5D24325EE100F11520 /* LaunchScreen.storyboard */,
				50664C6024325EE100F11520 /* Info.plist */,
			);
			path = "Swift Fun";
			sourceTree = "<group>";
		};
/* End PBXGroup section */

/* Begin PBXNativeTarget section */
		50664C4E24325EDE00F11520 /* Swift Fun */ = {
			isa = PBXNativeTarget;
			buildConfigurationList = 50664C6324325EE100F11520 /* Build configuration list for PBXNativeTarget "Swift Fun" */;
			buildPhases = (
				50664C4B24325EDE00F11520 /* Sources */,
				50664C4C24325EDE00F11520 /* Frameworks */,
				50664C4D24325EDE00F11520 /* Resources */,
			);
			buildRules = (
			);
			dependencies = (
			);
			name = "Swift Fun";
			productName = "Swift Fun";
			productReference = 50664C4F24325EDE00F11520 /* Swift Fun.app */;
			productType = "com.apple.product-type.application";
		};
/* End PBXNativeTarget section */

/* Begin PBXProject section */
		50664C4724325EDE00F11520 /* Project object */ = {
			isa = PBXProject;
			attributes = {
				LastSwiftUpdateCheck = 1140;
				LastUpgradeCheck = 1140;
				ORGANIZATIONNAME = "John Milligan";
				TargetAttributes = {
					50664C4E24325EDE00F11520 = {
						CreatedOnToolsVersion = 11.4;
					};
				};
			};
			buildConfigurationList = 50664C4A24325EDE00F11520 /* Build configuration list for PBXProject "Swift Fun" */;
			compatibilityVersion = "Xcode 9.3";
			developmentRegion = en;
			hasScannedForEncodings = 0;
			knownRegions = (
				en,
				Base,
			);
			mainGroup = 50664C4624325EDE00F11520;
			productRefGroup = 50664C5024325EDE00F11520 /* Products */;
			projectDirPath = "";
			projectRoot = "";
			targets = (
				50664C4E24325EDE00F11520 /* Swift Fun */,
			);
		};
/* End PBXProject section */

/* Begin PBXResourcesBuildPhase section */
		50664C4D24325EDE00F11520 /* Resources */ = {
			isa = PBXResourcesBuildPhase;
			buildActionMask = 2147483647;
			files = (
				50664C5F24325EE100F11520 /* LaunchScreen.storyboard in Resources */,
				50664C5C24325EE100F11520 /* Assets.xcassets in Resources */,
				50664C5A24325EDE00F11520 /* Main.storyboard in Resources */,
			);
			runOnlyForDeploymentPostprocessing = 0;
		};
/* End PBXResourcesBuildPhase section */

/* Begin PBXSourcesBuildPhase section */
		50664C4B24325EDE00F11520 /* Sources */ = {
			isa = PBXSourcesBuildPhase;
			buildActionMask = 2147483647;
			files = (
				50664C5724325EDE00F11520 /* ViewController.swift in Sources */,
				50664C5324325EDE00F11520 /* AppDelegate.swift in Sources */,
				50664C5524325EDE00F11520 /* SceneDelegate.swift in Sources */,
			);
			runOnlyForDeploymentPostprocessing = 0;
		};
/* End PBXSourcesBuildPhase section */

/* Begin PBXVariantGroup section */
		50664C5824325EDE00F11520 /* Main.storyboard */ = {
			isa = PBXVariantGroup;
			children = (
				50664C5924325EDE00F11520 /* Base */,
			);
			name = Main.storyboard;
			sourceTree = "<group>";
		};
		50664C5D24325EE100F11520 /* LaunchScreen.storyboard */ = {
			isa = PBXVariantGroup;
			children = (
				50664C5E24325EE100F11520 /* Base */,
			);
			name = LaunchScreen.storyboard;
			sourceTree = "<group>";
		};
/* End PBXVariantGroup section */

/* Begin XCBuildConfiguration section */
		50664C6124325EE100F11520 /* Debug */ = {
			isa = XCBuildConfiguration;
			buildSettings = {
				ALWAYS_SEARCH_USER_PATHS = NO;
				CLANG_ANALYZER_NONNULL = YES;
				CLANG_ANALYZER_NUMBER_OBJECT_CONVERSION = YES_AGGRESSIVE;
				CLANG_CXX_LANGUAGE_STANDARD = "gnu++14";
				CLANG_CXX_LIBRARY = "libc++";
				CLANG_ENABLE_MODULES = YES;
				CLANG_ENABLE_OBJC_ARC = YES;
				CLANG_ENABLE_OBJC_WEAK = YES;
				CLANG_WARN_BLOCK_CAPTURE_AUTORELEASING = YES;
				CLANG_WARN_BOOL_CONVERSION = YES;
				CLANG_WARN_COMMA = YES;
				CLANG_WARN_CONSTANT_CONVERSION = YES;
				CLANG_WARN_DEPRECATED_OBJC_IMPLEMENTATIONS = YES;
				CLANG_WARN_DIRECT_OBJC_ISA_USAGE = YES_ERROR;
				CLANG_WARN_DOCUMENTATION_COMMENTS = YES;
				CLANG_WARN_EMPTY_BODY = YES;
				CLANG_WARN_ENUM_CONVERSION = YES;
				CLANG_WARN_INFINITE_RECURSION = YES;
				CLANG_WARN_INT_CONVERSION = YES;
				CLANG_WARN_NON_LITERAL_NULL_CONVERSION = YES;
				CLANG_WARN_OBJC_IMPLICIT_RETAIN_SELF = YES;
				CLANG_WARN_OBJC_LITERAL_CONVERSION = YES;
				CLANG_WARN_OBJC_ROOT_CLASS = YES_ERROR;
				CLANG_WARN_RANGE_LOOP_ANALYSIS = YES;
				CLANG_WARN_STRICT_PROTOTYPES = YES;
				CLANG_WARN_SUSPICIOUS_MOVE = YES;
				CLANG_WARN_UNGUARDED_AVAILABILITY = YES_AGGRESSIVE;
				CLANG_WARN_UNREACHABLE_CODE = YES;
				CLANG_WARN__DUPLICATE_METHOD_MATCH = YES;
				COPY_PHASE_STRIP = NO;
				DEBUG_INFORMATION_FORMAT = dwarf;
				ENABLE_STRICT_OBJC_MSGSEND = YES;
				ENABLE_TESTABILITY = YES;
				GCC_C_LANGUAGE_STANDARD = gnu11;
				GCC_DYNAMIC_NO_PIC = NO;
				GCC_NO_COMMON_BLOCKS = YES;
				GCC_OPTIMIZATION_LEVEL = 0;
				GCC_PREPROCESSOR_DEFINITIONS = (
					"DEBUG=1",
					"$(inherited)",
				);
				GCC_WARN_64_TO_32_BIT_CONVERSION = YES;
				GCC_WARN_ABOUT_RETURN_TYPE = YES_ERROR;
				GCC_WARN_UNDECLARED_SELECTOR = YES;
				GCC_WARN_UNINITIALIZED_AUTOS = YES_AGGRESSIVE;
				GCC_WARN_UNUSED_FUNCTION = YES;
				GCC_WARN_UNUSED_VARIABLE = YES;
				IPHONEOS_DEPLOYMENT_TARGET = 13.4;
				MTL_ENABLE_DEBUG_INFO = INCLUDE_SOURCE;
				MTL_FAST_MATH = YES;
				ONLY_ACTIVE_ARCH = YES;
				SDKROOT = iphoneos;
				SWIFT_ACTIVE_COMPILATION_CONDITIONS = DEBUG;
				SWIFT_OPTIMIZATION_LEVEL = "-Onone";
			};
			name = Debug;
		};
		50664C6224325EE100F11520 /* Release */ = {
			isa = XCBuildConfiguration;
			buildSettings = {
				ALWAYS_SEARCH_USER_PATHS = NO;
				CLANG_ANALYZER_NONNULL = YES;
				CLANG_ANALYZER_NUMBER_OBJECT_CONVERSION = YES_AGGRESSIVE;
				CLANG_CXX_LANGUAGE_STANDARD = "gnu++14";
				CLANG_CXX_LIBRARY = "libc++";
				CLANG_ENABLE_MODULES = YES;
				CLANG_ENABLE_OBJC_ARC = YES;
				CLANG_ENABLE_OBJC_WEAK = YES;
				CLANG_WARN_BLOCK_CAPTURE_AUTORELEASING = YES;
				CLANG_WARN_BOOL_CONVERSION = YES;
				CLANG_WARN_COMMA = YES;
				CLANG_WARN_CONSTANT_CONVERSION = YES;
				CLANG_WARN_DEPRECATED_OBJC_IMPLEMENTATIONS = YES;
				CLANG_WARN_DIRECT_OBJC_ISA_USAGE = YES_ERROR;
				CLANG_WARN_DOCUMENTATION_COMMENTS = YES;
				CLANG_WARN_EMPTY_BODY = YES;
				CLANG_WARN_ENUM_CONVERSION = YES;
				CLANG_WARN_INFINITE_RECURSION = YES;
				CLANG_WARN_INT_CONVERSION = YES;
				CLANG_WARN_NON_LITERAL_NULL_CONVERSION = YES;
				CLANG_WARN_OBJC_IMPLICIT_RETAIN_SELF = YES;
				CLANG_WARN_OBJC_LITERAL_CONVERSION = YES;
				CLANG_WARN_OBJC_ROOT_CLASS = YES_ERROR;
				CLANG_WARN_RANGE_LOOP_ANALYSIS = YES;
				CLANG_WARN_STRICT_PROTOTYPES = YES;
				CLANG_WARN_SUSPICIOUS_MOVE = YES;
				CLANG_WARN_UNGUARDED_AVAILABILITY = YES_AGGRESSIVE;
				CLANG_WARN_UNREACHABLE_CODE = YES;
				CLANG_WARN__DUPLICATE_METHOD_MATCH = YES;
				COPY_PHASE_STRIP = NO;
				DEBUG_INFORMATION_FORMAT = "dwarf-with-dsym";
				ENABLE_NS_ASSERTIONS = NO;
				ENABLE_STRICT_OBJC_MSGSEND = YES;
				GCC_C_LANGUAGE_STANDARD = gnu11;
				GCC_NO_COMMON_BLOCKS = YES;
				GCC_WARN_64_TO_32_BIT_CONVERSION = YES;
				GCC_WARN_ABOUT_RETURN_TYPE = YES_ERROR;
				GCC_WARN_UNDECLARED_SELECTOR = YES;
				GCC_WARN_UNINITIALIZED_AUTOS = YES_AGGRESSIVE;
				GCC_WARN_UNUSED_FUNCTION = YES;
				GCC_WARN_UNUSED_VARIABLE = YES;
				IPHONEOS_DEPLOYMENT_TARGET = 13.4;
				MTL_ENABLE_DEBUG_INFO = NO;
				MTL_FAST_MATH = YES;
				SDKROOT = iphoneos;
				SWIFT_COMPILATION_MODE = wholemodule;
				SWIFT_OPTIMIZATION_LEVEL = "-O";
				VALIDATE_PRODUCT = YES;
			};
			name = Release;
		};
		50664C6424325EE100F11520 /* Debug */ = {
			isa = XCBuildConfiguration;
			buildSettings = {
				ASSETCATALOG_COMPILER_APPICON_NAME = AppIcon;
				CODE_SIGN_STYLE = Automatic;
				DEVELOPMENT_TEAM = VQS7WKG4SM;
				INFOPLIST_FILE = "Swift Fun/Info.plist";
				LD_RUNPATH_SEARCH_PATHS = (
					"$(inherited)",
					"@executable_path/Frameworks",
				);
				PRODUCT_BUNDLE_IDENTIFIER = "John-Milligan.Swift-Fun";
				PRODUCT_NAME = "$(TARGET_NAME)";
				SWIFT_VERSION = 5.0;
				TARGETED_DEVICE_FAMILY = "1,2";
			};
			name = Debug;
		};
		50664C6524325EE100F11520 /* Release */ = {
			isa = XCBuildConfiguration;
			buildSettings = {
				ASSETCATALOG_COMPILER_APPICON_NAME = AppIcon;
				CODE_SIGN_STYLE = Automatic;
				DEVELOPMENT_TEAM = VQS7WKG4SM;
				INFOPLIST_FILE = "Swift Fun/Info.plist";
				LD_RUNPATH_SEARCH_PATHS = (
					"$(inherited)",
					"@executable_path/Frameworks",
				);
				PRODUCT_BUNDLE_IDENTIFIER = "John-Milligan.Swift-Fun";
				PRODUCT_NAME = "$(TARGET_NAME)";
				SWIFT_VERSION = 5.0;
				TARGETED_DEVICE_FAMILY = "1,2";
			};
			name = Release;
		};
/* End XCBuildConfiguration section */

/* Begin XCConfigurationList section */
		50664C4A24325EDE00F11520 /* Build configuration list for PBXProject "Swift Fun" */ = {
			isa = XCConfigurationList;
			buildConfigurations = (
				50664C6124325EE100F11520 /* Debug */,
				50664C6224325EE100F11520 /* Release */,
			);
			defaultConfigurationIsVisible = 0;
			defaultConfigurationName = Release;
		};
		50664C6324325EE100F11520 /* Build configuration list for PBXNativeTarget "Swift Fun" */ = {
			isa = XCConfigurationList;
			buildConfigurations = (
				50664C6424325EE100F11520 /* Debug */,
				50664C6524325EE100F11520 /* Release */,
			);
			defaultConfigurationIsVisible = 0;
			defaultConfigurationName = Release;
		};
/* End XCConfigurationList section */
	};
	rootObject = 50664C4724325EDE00F11520 /* Project object */;
}
